
Microsoft Visual Studio Solution File, Format Version 12.00
# Visual Studio 15
VisualStudioVersion = 15.0.26124.0
MinimumVisualStudioVersion = 15.0.26124.0
Project("{FAE04EC0-301F-11D3-BF4B-00C04F79EFBC}") = "PizzaBox.Client", "PizzaBox.Client\PizzaBox.Client.csproj", "{DB716D40-C358-4E1D-8CB9-3409E0EDDB3B}"
EndProject
Project("{FAE04EC0-301F-11D3-BF4B-00C04F79EFBC}") = "PizzaBox.Domain", "PizzaBox.Domain\PizzaBox.Domain.csproj", "{447DF151-CED6-4261-A292-BE8C9F147C9A}"
EndProject
Project("{FAE04EC0-301F-11D3-BF4B-00C04F79EFBC}") = "PizzaBox.Storing", "PizzaBox.Storing\PizzaBox.Storing.csproj", "{C76E1CEA-1C2C-4FAA-9F6A-4DBBABFA93E3}"
EndProject
Project("{FAE04EC0-301F-11D3-BF4B-00C04F79EFBC}") = "PizzaBox.Testing", "PizzaBox.Testing\PizzaBox.Testing.csproj", "{310A83B2-475E-4EF0-BA01-AF380555D1B5}"
EndProject
Global
	GlobalSection(SolutionConfigurationPlatforms) = preSolution
		Debug|Any CPU = Debug|Any CPU
		Debug|x64 = Debug|x64
		Debug|x86 = Debug|x86
		Release|Any CPU = Release|Any CPU
		Release|x64 = Release|x64
		Release|x86 = Release|x86
	EndGlobalSection
	GlobalSection(SolutionProperties) = preSolution
		HideSolutionNode = FALSE
	EndGlobalSection
	GlobalSection(ProjectConfigurationPlatforms) = postSolution
		{DB716D40-C358-4E1D-8CB9-3409E0EDDB3B}.Debug|Any CPU.ActiveCfg = Debug|Any CPU
		{DB716D40-C358-4E1D-8CB9-3409E0EDDB3B}.Debug|Any CPU.Build.0 = Debug|Any CPU
		{DB716D40-C358-4E1D-8CB9-3409E0EDDB3B}.Debug|x64.ActiveCfg = Debug|Any CPU
		{DB716D40-C358-4E1D-8CB9-3409E0EDDB3B}.Debug|x64.Build.0 = Debug|Any CPU
		{DB716D40-C358-4E1D-8CB9-3409E0EDDB3B}.Debug|x86.ActiveCfg = Debug|Any CPU
		{DB716D40-C358-4E1D-8CB9-3409E0EDDB3B}.Debug|x86.Build.0 = Debug|Any CPU
		{DB716D40-C358-4E1D-8CB9-3409E0EDDB3B}.Release|Any CPU.ActiveCfg = Release|Any CPU
		{DB716D40-C358-4E1D-8CB9-3409E0EDDB3B}.Release|Any CPU.Build.0 = Release|Any CPU
		{DB716D40-C358-4E1D-8CB9-3409E0EDDB3B}.Release|x64.ActiveCfg = Release|Any CPU
		{DB716D40-C358-4E1D-8CB9-3409E0EDDB3B}.Release|x64.Build.0 = Release|Any CPU
		{DB716D40-C358-4E1D-8CB9-3409E0EDDB3B}.Release|x86.ActiveCfg = Release|Any CPU
		{DB716D40-C358-4E1D-8CB9-3409E0EDDB3B}.Release|x86.Build.0 = Release|Any CPU
		{447DF151-CED6-4261-A292-BE8C9F147C9A}.Debug|Any CPU.ActiveCfg = Debug|Any CPU
		{447DF151-CED6-4261-A292-BE8C9F147C9A}.Debug|Any CPU.Build.0 = Debug|Any CPU
		{447DF151-CED6-4261-A292-BE8C9F147C9A}.Debug|x64.ActiveCfg = Debug|Any CPU
		{447DF151-CED6-4261-A292-BE8C9F147C9A}.Debug|x64.Build.0 = Debug|Any CPU
		{447DF151-CED6-4261-A292-BE8C9F147C9A}.Debug|x86.ActiveCfg = Debug|Any CPU
		{447DF151-CED6-4261-A292-BE8C9F147C9A}.Debug|x86.Build.0 = Debug|Any CPU
		{447DF151-CED6-4261-A292-BE8C9F147C9A}.Release|Any CPU.ActiveCfg = Release|Any CPU
		{447DF151-CED6-4261-A292-BE8C9F147C9A}.Release|Any CPU.Build.0 = Release|Any CPU
		{447DF151-CED6-4261-A292-BE8C9F147C9A}.Release|x64.ActiveCfg = Release|Any CPU
		{447DF151-CED6-4261-A292-BE8C9F147C9A}.Release|x64.Build.0 = Release|Any CPU
		{447DF151-CED6-4261-A292-BE8C9F147C9A}.Release|x86.ActiveCfg = Release|Any CPU
		{447DF151-CED6-4261-A292-BE8C9F147C9A}.Release|x86.Build.0 = Release|Any CPU
		{C76E1CEA-1C2C-4FAA-9F6A-4DBBABFA93E3}.Debug|Any CPU.ActiveCfg = Debug|Any CPU
		{C76E1CEA-1C2C-4FAA-9F6A-4DBBABFA93E3}.Debug|Any CPU.Build.0 = Debug|Any CPU
		{C76E1CEA-1C2C-4FAA-9F6A-4DBBABFA93E3}.Debug|x64.ActiveCfg = Debug|Any CPU
		{C76E1CEA-1C2C-4FAA-9F6A-4DBBABFA93E3}.Debug|x64.Build.0 = Debug|Any CPU
		{C76E1CEA-1C2C-4FAA-9F6A-4DBBABFA93E3}.Debug|x86.ActiveCfg = Debug|Any CPU
		{C76E1CEA-1C2C-4FAA-9F6A-4DBBABFA93E3}.Debug|x86.Build.0 = Debug|Any CPU
		{C76E1CEA-1C2C-4FAA-9F6A-4DBBABFA93E3}.Release|Any CPU.ActiveCfg = Release|Any CPU
		{C76E1CEA-1C2C-4FAA-9F6A-4DBBABFA93E3}.Release|Any CPU.Build.0 = Release|Any CPU
		{C76E1CEA-1C2C-4FAA-9F6A-4DBBABFA93E3}.Release|x64.ActiveCfg = Release|Any CPU
		{C76E1CEA-1C2C-4FAA-9F6A-4DBBABFA93E3}.Release|x64.Build.0 = Release|Any CPU
		{C76E1CEA-1C2C-4FAA-9F6A-4DBBABFA93E3}.Release|x86.ActiveCfg = Release|Any CPU
		{C76E1CEA-1C2C-4FAA-9F6A-4DBBABFA93E3}.Release|x86.Build.0 = Release|Any CPU
		{310A83B2-475E-4EF0-BA01-AF380555D1B5}.Debug|Any CPU.ActiveCfg = Debug|Any CPU
		{310A83B2-475E-4EF0-BA01-AF380555D1B5}.Debug|Any CPU.Build.0 = Debug|Any CPU
		{310A83B2-475E-4EF0-BA01-AF380555D1B5}.Debug|x64.ActiveCfg = Debug|Any CPU
		{310A83B2-475E-4EF0-BA01-AF380555D1B5}.Debug|x64.Build.0 = Debug|Any CPU
		{310A83B2-475E-4EF0-BA01-AF380555D1B5}.Debug|x86.ActiveCfg = Debug|Any CPU
		{310A83B2-475E-4EF0-BA01-AF380555D1B5}.Debug|x86.Build.0 = Debug|Any CPU
		{310A83B2-475E-4EF0-BA01-AF380555D1B5}.Release|Any CPU.ActiveCfg = Release|Any CPU
		{310A83B2-475E-4EF0-BA01-AF380555D1B5}.Release|Any CPU.Build.0 = Release|Any CPU
		{310A83B2-475E-4EF0-BA01-AF380555D1B5}.Release|x64.ActiveCfg = Release|Any CPU
		{310A83B2-475E-4EF0-BA01-AF380555D1B5}.Release|x64.Build.0 = Release|Any CPU
		{310A83B2-475E-4EF0-BA01-AF380555D1B5}.Release|x86.ActiveCfg = Release|Any CPU
		{310A83B2-475E-4EF0-BA01-AF380555D1B5}.Release|x86.Build.0 = Release|Any CPU
	EndGlobalSection
EndGlobal
